Microsoft Visual Studio Solution File, Format Version 11.00
# Visual Studio 2008

Project("{2F9DD36C-D5EA-4DF7-5DBE-9C1A51FEDBCD}") = "OcuViz", "Assembly-CSharp-firstpass.csproj", "{4EBCF766-DCFA-932B-EDCD-A13A6BC48C32}"
EndProject
Project("{2F9DD36C-D5EA-4DF7-5DBE-9C1A51FEDBCD}") = "OcuViz", "Assembly-CSharp.csproj", "{F36CCE8E-32D0-74EA-9F99-B92AC39209A5}"
EndProject
Project("{2F9DD36C-D5EA-4DF7-5DBE-9C1A51FEDBCD}") = "OcuViz", "Assembly-CSharp-Editor.csproj", "{244555B7-0BE7-424F-C0B7-5272B46E82A5}"
EndProject
Global
	GlobalSection(SolutionConfigurationPlatforms) = preSolution
		Debug|Any CPU = Debug|Any CPU
		Release|Any CPU = Release|Any CPU
	EndGlobalSection
	GlobalSection(ProjectConfigurationPlatforms) = postSolution
		{4EBCF766-DCFA-932B-EDCD-A13A6BC48C32}.Debug|Any CPU.ActiveCfg = Debug|Any CPU
		{4EBCF766-DCFA-932B-EDCD-A13A6BC48C32}.Debug|Any CPU.Build.0 = Debug|Any CPU
		{4EBCF766-DCFA-932B-EDCD-A13A6BC48C32}.Release|Any CPU.ActiveCfg = Release|Any CPU
		{4EBCF766-DCFA-932B-EDCD-A13A6BC48C32}.Release|Any CPU.Build.0 = Release|Any CPU
		{F36CCE8E-32D0-74EA-9F99-B92AC39209A5}.Debug|Any CPU.ActiveCfg = Debug|Any CPU
		{F36CCE8E-32D0-74EA-9F99-B92AC39209A5}.Debug|Any CPU.Build.0 = Debug|Any CPU
		{F36CCE8E-32D0-74EA-9F99-B92AC39209A5}.Release|Any CPU.ActiveCfg = Release|Any CPU
		{F36CCE8E-32D0-74EA-9F99-B92AC39209A5}.Release|Any CPU.Build.0 = Release|Any CPU
		{244555B7-0BE7-424F-C0B7-5272B46E82A5}.Debug|Any CPU.ActiveCfg = Debug|Any CPU
		{244555B7-0BE7-424F-C0B7-5272B46E82A5}.Debug|Any CPU.Build.0 = Debug|Any CPU
		{244555B7-0BE7-424F-C0B7-5272B46E82A5}.Release|Any CPU.ActiveCfg = Release|Any CPU
		{244555B7-0BE7-424F-C0B7-5272B46E82A5}.Release|Any CPU.Build.0 = Release|Any CPU
	EndGlobalSection
	GlobalSection(SolutionProperties) = preSolution
		HideSolutionNode = FALSE
	EndGlobalSection
	GlobalSection(MonoDevelopProperties) = preSolution
		StartupItem = Assembly-CSharp.csproj
	EndGlobalSection
EndGlobal
