
Microsoft Visual Studio Solution File, Format Version 12.00
# Visual Studio 2015
Project("{FAE04EC0-301F-11D3-BF4B-00C04F79EFBC}") = "OcuViz.CSharp.Plugins", "OcuViz.CSharp.Plugins.csproj", "{78C9C55D-22F5-2E43-5CB5-6D2BCD5B0ED5}"
EndProject
Project("{FAE04EC0-301F-11D3-BF4B-00C04F79EFBC}") = "OcuViz.CSharp", "OcuViz.CSharp.csproj", "{ED5774F5-A35D-3963-C882-9147E64D6F30}"
EndProject
Project("{FAE04EC0-301F-11D3-BF4B-00C04F79EFBC}") = "OcuViz.CSharp.Editor", "OcuViz.CSharp.Editor.csproj", "{575DCC64-125B-C0A9-A99C-F406761D4A29}"
EndProject
Global
	GlobalSection(SolutionConfigurationPlatforms) = preSolution
		Debug|Any CPU = Debug|Any CPU
		Release|Any CPU = Release|Any CPU
	EndGlobalSection
	GlobalSection(ProjectConfigurationPlatforms) = postSolution
		{78C9C55D-22F5-2E43-5CB5-6D2BCD5B0ED5}.Debug|Any CPU.ActiveCfg = Debug|Any CPU
		{78C9C55D-22F5-2E43-5CB5-6D2BCD5B0ED5}.Debug|Any CPU.Build.0 = Debug|Any CPU
		{78C9C55D-22F5-2E43-5CB5-6D2BCD5B0ED5}.Release|Any CPU.ActiveCfg = Release|Any CPU
		{78C9C55D-22F5-2E43-5CB5-6D2BCD5B0ED5}.Release|Any CPU.Build.0 = Release|Any CPU
		{ED5774F5-A35D-3963-C882-9147E64D6F30}.Debug|Any CPU.ActiveCfg = Debug|Any CPU
		{ED5774F5-A35D-3963-C882-9147E64D6F30}.Debug|Any CPU.Build.0 = Debug|Any CPU
		{ED5774F5-A35D-3963-C882-9147E64D6F30}.Release|Any CPU.ActiveCfg = Release|Any CPU
		{ED5774F5-A35D-3963-C882-9147E64D6F30}.Release|Any CPU.Build.0 = Release|Any CPU
		{575DCC64-125B-C0A9-A99C-F406761D4A29}.Debug|Any CPU.ActiveCfg = Debug|Any CPU
		{575DCC64-125B-C0A9-A99C-F406761D4A29}.Debug|Any CPU.Build.0 = Debug|Any CPU
		{575DCC64-125B-C0A9-A99C-F406761D4A29}.Release|Any CPU.ActiveCfg = Release|Any CPU
		{575DCC64-125B-C0A9-A99C-F406761D4A29}.Release|Any CPU.Build.0 = Release|Any CPU
	EndGlobalSection
	GlobalSection(SolutionProperties) = preSolution
		HideSolutionNode = FALSE
	EndGlobalSection
EndGlobal
